// !$*UTF8*$!
{
	archiveVersion = 1;
	classes = {
	};
	objectVersion = 77;
	objects = {

/* Begin PBXBuildFile section */
		002A73276DAE91B814422C90 /* phone.revoke.failed.json in Resources */ = {isa = PBXBuildFile; fileRef = 5120C3BD5B80B80F677A8592 /* phone.revoke.failed.json */; };
		065BD567E3785B402A0855BB /* ContentView.swift in Sources */ = {isa = PBXBuildFile; fileRef = 8AF78A40C08CC8D2B666CFE5 /* ContentView.swift */; };
		0B0A468E6F044773E1F8A718 /* state.json in Resources */ = {isa = PBXBuildFile; fileRef = 57CD6F3CDD446AAA11BA459D /* state.json */; };
		0BDDEAE7A3419332AAE1EA68 /* PhonePorts.swift in Sources */ = {isa = PBXBuildFile; fileRef = 65D96F4AF51FF721DBFFB754 /* PhonePorts.swift */; };
		0DC086D1E7662680697FCF3C /* PhoneWireProtocol.swift in Sources */ = {isa = PBXBuildFile; fileRef = 5697FCA42A34E1F65DCC1664 /* PhoneWireProtocol.swift */; };
		0FBF3EAC572CE4CCBAFE6CCD /* relay.ack.rejected-invalid-request.json in Resources */ = {isa = PBXBuildFile; fileRef = 2E732BEF4A9C9923D0AC11D2 /* relay.ack.rejected-invalid-request.json */; };
		109610365CF557AD54624437 /* PhoneActionCoordinatorTests.swift in Sources */ = {isa = PBXBuildFile; fileRef = B6F28DA587801EBD819EB398 /* PhoneActionCoordinatorTests.swift */; };
		15E720ECA93B28ED01A026E6 /* pair-short-reference.json in Resources */ = {isa = PBXBuildFile; fileRef = 6EBA1562261D223E3F5FE6C9 /* pair-short-reference.json */; };
		17BC41143110DD6EA0FE22E8 /* pair.create.json in Resources */ = {isa = PBXBuildFile; fileRef = 3CD8C6AA3E419AAC07FFCE4D /* pair.create.json */; };
		195CD4292491EF4703AD00D4 /* pair.claim.json in Resources */ = {isa = PBXBuildFile; fileRef = 40A7E898CDCD3582E61A2D3C /* pair.claim.json */; };
		19674B807CD4FAF24B50A5D9 /* pair.cancel.json in Resources */ = {isa = PBXBuildFile; fileRef = 35F68717F7CF5C22F6C52B5A /* pair.cancel.json */; };
		1A19E4B7B64C297239D5D40B /* pair.claimed.mac.json in Resources */ = {isa = PBXBuildFile; fileRef = 2DCB0BA64569BFDEFB80A273 /* pair.claimed.mac.json */; };
		1B3ABC168A8E807AEFF77690 /* oversized.json in Resources */ = {isa = PBXBuildFile; fileRef = 5002D579F0DDE9F6C8C7728E /* oversized.json */; };
		20023667C7429674ECA55222 /* pair-status-paired-version-mismatch.json in Resources */ = {isa = PBXBuildFile; fileRef = 337DB0035A6F4BC9F8EF6D8D /* pair-status-paired-version-mismatch.json */; };
		235178D0FFBE2AF0883A378E /* AVAudioSessionVolumeSource.swift in Sources */ = {isa = PBXBuildFile; fileRef = 6FAC5220384CDDA8E3B4334A /* AVAudioSessionVolumeSource.swift */; };
		2B4FBD910AB5677D6368EC09 /* pair.claimed.phone.json in Resources */ = {isa = PBXBuildFile; fileRef = A9722B3DA78B07564DCBEB3C /* pair.claimed.phone.json */; };
		2B8984B9B84A9CCA72EA0875 /* PhoneRelayClient.swift in Sources */ = {isa = PBXBuildFile; fileRef = 7BA6F46C08252D6500E29AA1 /* PhoneRelayClient.swift */; };
		2D08DF4588EC6158772F30B1 /* PhoneLifecycleTests.swift in Sources */ = {isa = PBXBuildFile; fileRef = 1BE0E7F9262B9CC7CEA0B845 /* PhoneLifecycleTests.swift */; };
		2E14A160D49334402780C2EF /* pair-noncanonical-uuid.json in Resources */ = {isa = PBXBuildFile; fileRef = C1E028EEC1D3CD8B321DD886 /* pair-noncanonical-uuid.json */; };
		2EABE7107676C397AA372571 /* action.request.json in Resources */ = {isa = PBXBuildFile; fileRef = B06837C01E288F47112046A9 /* action.request.json */; };
		305330481293DB88D0E4A0F6 /* TestDoubles.swift in Sources */ = {isa = PBXBuildFile; fileRef = 3EA9581C90F55AECA9BCDCCF /* TestDoubles.swift */; };
		33FCB83F6AE07746CFBA6A7A /* PhoneState.swift in Sources */ = {isa = PBXBuildFile; fileRef = 559AB89DCED1360CDBC403E9 /* PhoneState.swift */; };
		34B36381D7692D6D5DC858EB /* PhoneStateTests.swift in Sources */ = {isa = PBXBuildFile; fileRef = A819423ED6FC50E8802225C9 /* PhoneStateTests.swift */; };
		374E3675B203B4BCCA36D571 /* pair.status.json in Resources */ = {isa = PBXBuildFile; fileRef = C52C929B746EEBAFDB753894 /* pair.status.json */; };
		3C63C417C8AD873B594FF879 /* pair.failed.mac-before-claim.json in Resources */ = {isa = PBXBuildFile; fileRef = A95E524237149A5B222919C5 /* pair.failed.mac-before-claim.json */; };
		3CF376EB1AFCC1F39BCE9808 /* PhoneSettingsStore.swift in Sources */ = {isa = PBXBuildFile; fileRef = 720491FC42ED8E19B9D4728F /* PhoneSettingsStore.swift */; };
		3F4811A37EFD4EA792402FE3 /* PhoneDeployment.swift in Sources */ = {isa = PBXBuildFile; fileRef = 26058560A94D4B6ABB3AADEC /* PhoneDeployment.swift */; };
		40C904BA5742E7807653717B /* pair.completed.json in Resources */ = {isa = PBXBuildFile; fileRef = F6EC04DCB20F55048A3AF6EA /* pair.completed.json */; };
		443E9DAB0164C8C26F74B5C7 /* wrong-version.json in Resources */ = {isa = PBXBuildFile; fileRef = 321B04D634B3F3ED1579038B /* wrong-version.json */; };
		4472D5FA22367CF48664EA18 /* phone.list.json in Resources */ = {isa = PBXBuildFile; fileRef = 54450823D2932AEAB0889D7E /* phone.list.json */; };
		461EC6E880CDCAD251BD7BE2 /* PairingLink.swift in Sources */ = {isa = PBXBuildFile; fileRef = 2DCA40F0B7448CB03FBDF634 /* PairingLink.swift */; };
		4AA304AE7C3CEF5C5FCCE37D /* PhonePairingPresentation.swift in Sources */ = {isa = PBXBuildFile; fileRef = 6C0F690CD7423E42140F7607 /* PhonePairingPresentation.swift */; };
		4C54DEAADBDC37F51CE2E227 /* action.result.rejected.invalid-request.json in Resources */ = {isa = PBXBuildFile; fileRef = 55B76ED65F4B3973DDCD7BD2 /* action.result.rejected.invalid-request.json */; };
		4CBED6C7197F50D2BF98CB92 /* action.result.rejected.json in Resources */ = {isa = PBXBuildFile; fileRef = F3EF3F71B5800400F630173B /* action.result.rejected.json */; };
		4DBE1EF7F14F05CDC1C3BB74 /* action.result.rejected.capacity-exceeded.json in Resources */ = {isa = PBXBuildFile; fileRef = E40162D7B83EEB1DB7934914 /* action.result.rejected.capacity-exceeded.json */; };
		4DDF8C096B020C608F5E7C5E /* PhoneClockHealthControllerTests.swift in Sources */ = {isa = PBXBuildFile; fileRef = 42BA4C0D99171C3686BF0677 /* PhoneClockHealthControllerTests.swift */; };
		4FFC99DAD4621E90F1227EB0 /* pair-unknown-field.json in Resources */ = {isa = PBXBuildFile; fileRef = 0E802B7CE1578B492AC1C0F4 /* pair-unknown-field.json */; };
		520E5D8A70E1E7413CCD929F /* time.sync.response.json in Resources */ = {isa = PBXBuildFile; fileRef = DE0A11477A2D44D30BB14D66 /* time.sync.response.json */; };
		521FD5F86175B5479F9DF6D1 /* pair-bad-proof.json in Resources */ = {isa = PBXBuildFile; fileRef = 20A3BFD140A8A6ADFCEC77DB /* pair-bad-proof.json */; };
		567B0AC18BA451E8CF7CD4EF /* action.result.rejected.event-creation-failed.json in Resources */ = {isa = PBXBuildFile; fileRef = F81E04222FA3FFD9428F1F30 /* action.result.rejected.event-creation-failed.json */; };
		5699D68364D32912B3644E40 /* pair-wrong-state.json in Resources */ = {isa = PBXBuildFile; fileRef = 72377CBCC5F25464655C4F52 /* pair-wrong-state.json */; };
		5CEB522CE62BE77A38565090 /* pair.created.json in Resources */ = {isa = PBXBuildFile; fileRef = CF5F4D524ECA1D9EEF80FB80 /* pair.created.json */; };
		5D403F9B78978E0378868028 /* heartbeat.ack.json in Resources */ = {isa = PBXBuildFile; fileRef = 2D1DDF6E89B6B464138B68F3 /* heartbeat.ack.json */; };
		5DAEF09848E5DE0B96D958D9 /* pair.credential.ack.json in Resources */ = {isa = PBXBuildFile; fileRef = C1A5255CDC3C06093783E9C4 /* pair.credential.ack.json */; };
		5EAC2A9706FBF6F21F94EBAD /* phone.list.request.json in Resources */ = {isa = PBXBuildFile; fileRef = B5B5B519A4A7BBF3DADEEDB5 /* phone.list.request.json */; };
		5EB45B0AA462AF823B749AFD /* invalid-result-reason.json in Resources */ = {isa = PBXBuildFile; fileRef = 9A28D7E8A0CB9808E8B5E1EF /* invalid-result-reason.json */; };
		64BEF839893426949D9DE829 /* PhoneAppModel.swift in Sources */ = {isa = PBXBuildFile; fileRef = 23E5CCAB41E627DDA061BD66 /* PhoneAppModel.swift */; };
		654C418AC03B36B6C44C25BE /* relay.ack.rejected-expired.json in Resources */ = {isa = PBXBuildFile; fileRef = E27D9D36416B5A1D8FC4332E /* relay.ack.rejected-expired.json */; };
		67233AD2373E5D83ECA99FDE /* pair-invalid-reference-character.json in Resources */ = {isa = PBXBuildFile; fileRef = 986C9B7F242546D2F7B981A6 /* pair-invalid-reference-character.json */; };
		6CA19CA7A8CFD4F078E5E80E /* PairingScannerView.swift in Sources */ = {isa = PBXBuildFile; fileRef = BF07268125B159D52DFE9FB0 /* PairingScannerView.swift */; };
		6DDFF552CBCB6AB8E94447A8 /* binary-descriptor.json in Resources */ = {isa = PBXBuildFile; fileRef = B57BD956AB23167F03BFAC7E /* binary-descriptor.json */; };
		71115851912B003A66B5266F /* heartbeat.request.json in Resources */ = {isa = PBXBuildFile; fileRef = 5A2F28F17260BC1C3FF791CC /* heartbeat.request.json */; };
		73063C94241699EE3C6F4DAE /* diagnostics.counters.json in Resources */ = {isa = PBXBuildFile; fileRef = C05DFA96B235B723E6BA1476 /* diagnostics.counters.json */; };
		7354E45B18E62B7CE15C515F /* hello.ok.json in Resources */ = {isa = PBXBuildFile; fileRef = 94DECA504F4AD19E8FEFF1D6 /* hello.ok.json */; };
		749B8E8D88E3DAEF70D9A6CE /* hello.mac.json in Resources */ = {isa = PBXBuildFile; fileRef = F7A3879462463502A9004BCB /* hello.mac.json */; };
		766299812F1AB12138C30B2C /* pair.failed.claimant.json in Resources */ = {isa = PBXBuildFile; fileRef = 6F2B917F00583E74413BA663 /* pair.failed.claimant.json */; };
		7879224145B8AB561F795A0A /* PhoneRelayClientTests.swift in Sources */ = {isa = PBXBuildFile; fileRef = 4BEAA04BB04F3F8D2B9C7D9D /* PhoneRelayClientTests.swift */; };
		7A00992294C6F9F23A8BC7D4 /* PairingLinkTests.swift in Sources */ = {isa = PBXBuildFile; fileRef = E2828D53B5D1942DBF5C84B3 /* PairingLinkTests.swift */; };
		7B8954F135104108209A3CD7 /* PhoneWireProtocolTests.swift in Sources */ = {isa = PBXBuildFile; fileRef = 9A94B694A3F2115B2C872DFB /* PhoneWireProtocolTests.swift */; };
		7C20B82C5C22A780EF742992 /* pair.active.json in Resources */ = {isa = PBXBuildFile; fileRef = F24833030CB97C799023B6F6 /* pair.active.json */; };
		824A7210675D83C103821100 /* pair.cancel.claim.json in Resources */ = {isa = PBXBuildFile; fileRef = 7C70026D00D083C118547E04 /* pair.cancel.claim.json */; };
		85D3A9809CF2D9677C2213D4 /* wrong-role.json in Resources */ = {isa = PBXBuildFile; fileRef = 1B3676A7E98ABE97922C7B59 /* wrong-role.json */; };
		8624142A487B3DA1B2361385 /* VolumeDeltaControllerTests.swift in Sources */ = {isa = PBXBuildFile; fileRef = 2995194A5DDCFFBE8D7CF01B /* VolumeDeltaControllerTests.swift */; };
		868FFDBDFD8F958B9D93A5B6 /* pair-padded-reference.json in Resources */ = {isa = PBXBuildFile; fileRef = 5E774FA78C1E2649A1E5BC0B /* pair-padded-reference.json */; };
		8996F58773B8AD0B98515A11 /* pair-noncanonical-reference.json in Resources */ = {isa = PBXBuildFile; fileRef = 37C7AEA4F616F871AB4FD8C9 /* pair-noncanonical-reference.json */; };
		8B1D96E3D3F21686325B46BC /* malformed.json in Resources */ = {isa = PBXBuildFile; fileRef = 1026C2587167C684DB3D1BEA /* malformed.json */; };
		8B70231456E91F10E0AEB5B9 /* pair-wrong-role.json in Resources */ = {isa = PBXBuildFile; fileRef = 69C2529EFC60A04153E3CA83 /* pair-wrong-role.json */; };
		8BF369EB71F2F149C22A6111 /* PhoneActionCoordinator.swift in Sources */ = {isa = PBXBuildFile; fileRef = 19A6D6AB40E5A6F2870DA4BC /* PhoneActionCoordinator.swift */; };
		8C4FECC160E8B04E95BEA869 /* pair-wrong-pairing-version.json in Resources */ = {isa = PBXBuildFile; fileRef = C295E5126681E09E40920B2E /* pair-wrong-pairing-version.json */; };
		911F823B122E7CC1BA75615A /* PhoneClockHealthController.swift in Sources */ = {isa = PBXBuildFile; fileRef = CA204DD8D3F6AB7425401E5F /* PhoneClockHealthController.swift */; };
		91EA3CDD912CA2B002B27412 /* PhonePendingAuthenticator.swift in Sources */ = {isa = PBXBuildFile; fileRef = 86250F1E15403DF10E29D085 /* PhonePendingAuthenticator.swift */; };
		9458F03CCB19E012CCD6D871 /* phone.revoke.request.json in Resources */ = {isa = PBXBuildFile; fileRef = 9F12E677A59F7D8D4651153F /* phone.revoke.request.json */; };
		95AD325AA274F8D9673BF648 /* action.result.posted.json in Resources */ = {isa = PBXBuildFile; fileRef = 2C941661EA7AAD864246CDD0 /* action.result.posted.json */; };
		9731FEF056245576E988E185 /* phone.revoked.json in Resources */ = {isa = PBXBuildFile; fileRef = B984CCFA8C1D9E5BD14B54B6 /* phone.revoked.json */; };
		99CDECA362105F9B77201996 /* ProductionWiringTests.swift in Sources */ = {isa = PBXBuildFile; fileRef = C0DAB7B7A3B85BFF793CCE7D /* ProductionWiringTests.swift */; };
		9C6776E2E8FECBFC7E4228DC /* relay.ack.json in Resources */ = {isa = PBXBuildFile; fileRef = D6FCA39C666D3388A7836FFE /* relay.ack.json */; };
		A0F1E5DB9ABF95AE3D7D4287 /* hello.ok.mac.json in Resources */ = {isa = PBXBuildFile; fileRef = D8E538BA6E6926E8854D2845 /* hello.ok.mac.json */; };
		A399BB19C7E495D4897D12F5 /* Assets.xcassets in Resources */ = {isa = PBXBuildFile; fileRef = AC46A3FF2E91CC4D65C8B6D2 /* Assets.xcassets */; };
		A43519035B572F475FD2CF1B /* PhonePairingClientTests.swift in Sources */ = {isa = PBXBuildFile; fileRef = 363F0099EB46329EFE77A33C /* PhonePairingClientTests.swift */; };
		A5393B0B08BF6A98FF632955 /* pair-bad-credential.json in Resources */ = {isa = PBXBuildFile; fileRef = 142F21D9B58DF25CC1EF990C /* pair-bad-credential.json */; };
		A5A7FA5D83A75FE31D99480E /* PairingScannerLifecycleTests.swift in Sources */ = {isa = PBXBuildFile; fileRef = 9FF029CE9331040FF4422FF4 /* PairingScannerLifecycleTests.swift */; };
		A714D2FDB5E74598F682B541 /* ClickBridgePhoneApp.swift in Sources */ = {isa = PBXBuildFile; fileRef = 29C13719C36FE3B021C0CE10 /* ClickBridgePhoneApp.swift */; };
		ABB6C8399175A21DCAA45F7E /* pair.failed.mac-after-claim.json in Resources */ = {isa = PBXBuildFile; fileRef = A6F2CE2FADB4D492C111C72A /* pair.failed.mac-after-claim.json */; };
		AECFEB56B45C59993C2CDDB6 /* PhonePendingAuthenticatorTests.swift in Sources */ = {isa = PBXBuildFile; fileRef = EAE8A980ED3E74047E5F0701 /* PhonePendingAuthenticatorTests.swift */; };
		AEFC880701B6644975721EF8 /* KeychainStore.swift in Sources */ = {isa = PBXBuildFile; fileRef = F8E8F065E4DEFD8706D61160 /* KeychainStore.swift */; };
		B0933A791DE10C5C00F16EFC /* invalid-relay-ack-pairing.json in Resources */ = {isa = PBXBuildFile; fileRef = 93FD7750933D24566E56574A /* invalid-relay-ack-pairing.json */; };
		B25183C757C2CD526DBD613B /* pair.approve.json in Resources */ = {isa = PBXBuildFile; fileRef = B8BDD8B7875C7FDF9B09742D /* pair.approve.json */; };
		B5E3EC7E4794784C7862097F /* time.sync.request.json in Resources */ = {isa = PBXBuildFile; fileRef = 46533BA4F0297677867548D4 /* time.sync.request.json */; };
		B6085A2096069DA80B1F1B69 /* PrivacyInfo.xcprivacy in Resources */ = {isa = PBXBuildFile; fileRef = 7A3E77A004AA5F923DF69812 /* PrivacyInfo.xcprivacy */; };
		BFA4F9F656E4785C02634678 /* action.result.rejected.expired.json in Resources */ = {isa = PBXBuildFile; fileRef = 5B7475BF2E200C4D4273713E /* action.result.rejected.expired.json */; };
		C9E58DD53C887445C02F1DD0 /* VolumeDeltaController.swift in Sources */ = {isa = PBXBuildFile; fileRef = 2D10BF941DBB865E2E0C9BE0 /* VolumeDeltaController.swift */; };
		C9F7138F7EDC1535136E27BF /* StrictPhoneWireDecoder.swift in Sources */ = {isa = PBXBuildFile; fileRef = E24E6ECB379D94CEAE69CC0C /* StrictPhoneWireDecoder.swift */; };
		CBB3C3586C6F0CF386D6FE90 /* PhonePairingPresentationTests.swift in Sources */ = {isa = PBXBuildFile; fileRef = A7EEF4B04B411ACA2E2FFD24 /* PhonePairingPresentationTests.swift */; };
		CC3E41BDED3A37310710C207 /* mac.state.json in Resources */ = {isa = PBXBuildFile; fileRef = BFFF82FB37CD389C962FD8F0 /* mac.state.json */; };
		D0366EB9E605C0F81D62D52A /* action.result.rejected.id-conflict.json in Resources */ = {isa = PBXBuildFile; fileRef = F34DF61DC641B6FDAE25648A /* action.result.rejected.id-conflict.json */; };
		D421C5C7B2872B8D1B76E9B0 /* PhoneSettingsStoreTests.swift in Sources */ = {isa = PBXBuildFile; fileRef = 37012802B807C906E27AA628 /* PhoneSettingsStoreTests.swift */; };
		D5177B0D1562631F715BD0DF /* ClickBridgeIntents.swift in Sources */ = {isa = PBXBuildFile; fileRef = 3DB5265C684452C9726FEF97 /* ClickBridgeIntents.swift */; };
		DB8916B8E7408B4D18CAD752 /* invalid-result-status.json in Resources */ = {isa = PBXBuildFile; fileRef = 7FABD57413C17B471DA7805E /* invalid-result-status.json */; };
		E584582F8DB28E27F007400E /* action.result.rejected.permission-required.json in Resources */ = {isa = PBXBuildFile; fileRef = 67318F4FB52548636761D66F /* action.result.rejected.permission-required.json */; };
		E782BEC5296864887608EB05 /* hello.phone.json in Resources */ = {isa = PBXBuildFile; fileRef = 85254040287679459F0BB3FE /* hello.phone.json */; };
		E7DFE1A7B3FCDAD2852F574E /* pair.status.request.json in Resources */ = {isa = PBXBuildFile; fileRef = E986F309E9743D931BBBA198 /* pair.status.request.json */; };
		E8A5F6FAC6B4AD0B57DF1613 /* pair.credential.json in Resources */ = {isa = PBXBuildFile; fileRef = 456234DCD65A7AC3095D8DF8 /* pair.credential.json */; };
		E8FEEA7B3BD5311F08E2F18C /* runtime-constants.json in Resources */ = {isa = PBXBuildFile; fileRef = C0817A6D22EB57F260F83894 /* runtime-constants.json */; };
		E94CA166F787E72B23FAA29E /* relay.ack.mac-offline.json in Resources */ = {isa = PBXBuildFile; fileRef = CEBF6F30A4C9A76B8E3AA455 /* relay.ack.mac-offline.json */; };
		EA819009053B7A02386083A7 /* pair.deny.json in Resources */ = {isa = PBXBuildFile; fileRef = 3981B3583FA4C2E9BE4D1937 /* pair.deny.json */; };
		ED9DA4936B6A1AE8CB46AEF0 /* pair-status-legacy-version-mismatch.json in Resources */ = {isa = PBXBuildFile; fileRef = 305EE87B90D2918B1F2D4F1A /* pair-status-legacy-version-mismatch.json */; };
		EF5B6A6A4D425DD4010CB142 /* pair-bad-nonce.json in Resources */ = {isa = PBXBuildFile; fileRef = 58245E1F0524FE1EBA7634E9 /* pair-bad-nonce.json */; };
		F2CBED067392EA876634C027 /* diagnostics.request.json in Resources */ = {isa = PBXBuildFile; fileRef = B946FCA4D59F52C0616A44A2 /* diagnostics.request.json */; };
		F68273FED8483E13950A8F1A /* deployment.json in Resources */ = {isa = PBXBuildFile; fileRef = E0E09F53D643BB4385F0C93F /* deployment.json */; };
		FC908E1F6B80FCFFA54896B9 /* unknown-field.json in Resources */ = {isa = PBXBuildFile; fileRef = 751FF4BD78E51CB183F13C80 /* unknown-field.json */; };
		FDCCFE8684EE3A2FD7D990E9 /* PhonePairingClient.swift in Sources */ = {isa = PBXBuildFile; fileRef = 49020C69B60D737CD8002906 /* PhonePairingClient.swift */; };
		FE0FEEEA8FDF119CE0478AAB /* SettingsPresentationTests.swift in Sources */ = {isa = PBXBuildFile; fileRef = 169735BA84EA671F01741E8A /* SettingsPresentationTests.swift */; };
/* End PBXBuildFile section */

/* Begin PBXContainerItemProxy section */
		AE4F23B0EF6A81A3DBE4C56E /* PBXContainerItemProxy */ = {
			isa = PBXContainerItemProxy;
			containerPortal = 8F4050ADE029FC03A35E0435 /* Project object */;
			proxyType = 1;
			remoteGlobalIDString = 52A00CE2006CC036262C0DF7;
			remoteInfo = ClickBridgePhone;
		};
/* End PBXContainerItemProxy section */

/* Begin PBXFileReference section */
		0E802B7CE1578B492AC1C0F4 /* pair-unknown-field.json */ = {isa = PBXFileReference; lastKnownFileType = text.json; path = "pair-unknown-field.json"; sourceTree = "<group>"; };
		1026C2587167C684DB3D1BEA /* malformed.json */ = {isa = PBXFileReference; lastKnownFileType = text.json; path = malformed.json; sourceTree = "<group>"; };
		142F21D9B58DF25CC1EF990C /* pair-bad-credential.json */ = {isa = PBXFileReference; lastKnownFileType = text.json; path = "pair-bad-credential.json"; sourceTree = "<group>"; };
		169735BA84EA671F01741E8A /* SettingsPresentationTests.swift */ = {isa = PBXFileReference; lastKnownFileType = sourcecode.swift; path = SettingsPresentationTests.swift; sourceTree = "<group>"; };
		19A6D6AB40E5A6F2870DA4BC /* PhoneActionCoordinator.swift */ = {isa = PBXFileReference; lastKnownFileType = sourcecode.swift; path = PhoneActionCoordinator.swift; sourceTree = "<group>"; };
		1B3676A7E98ABE97922C7B59 /* wrong-role.json */ = {isa = PBXFileReference; lastKnownFileType = text.json; path = "wrong-role.json"; sourceTree = "<group>"; };
		1BE0E7F9262B9CC7CEA0B845 /* PhoneLifecycleTests.swift */ = {isa = PBXFileReference; lastKnownFileType = sourcecode.swift; path = PhoneLifecycleTests.swift; sourceTree = "<group>"; };
		20A3BFD140A8A6ADFCEC77DB /* pair-bad-proof.json */ = {isa = PBXFileReference; lastKnownFileType = text.json; path = "pair-bad-proof.json"; sourceTree = "<group>"; };
		23E5CCAB41E627DDA061BD66 /* PhoneAppModel.swift */ = {isa = PBXFileReference; lastKnownFileType = sourcecode.swift; path = PhoneAppModel.swift; sourceTree = "<group>"; };
		26058560A94D4B6ABB3AADEC /* PhoneDeployment.swift */ = {isa = PBXFileReference; lastKnownFileType = sourcecode.swift; path = PhoneDeployment.swift; sourceTree = "<group>"; };
		2995194A5DDCFFBE8D7CF01B /* VolumeDeltaControllerTests.swift */ = {isa = PBXFileReference; lastKnownFileType = sourcecode.swift; path = VolumeDeltaControllerTests.swift; sourceTree = "<group>"; };
		29C13719C36FE3B021C0CE10 /* ClickBridgePhoneApp.swift */ = {isa = PBXFileReference; lastKnownFileType = sourcecode.swift; path = ClickBridgePhoneApp.swift; sourceTree = "<group>"; };
		2C941661EA7AAD864246CDD0 /* action.result.posted.json */ = {isa = PBXFileReference; lastKnownFileType = text.json; path = action.result.posted.json; sourceTree = "<group>"; };
		2D10BF941DBB865E2E0C9BE0 /* VolumeDeltaController.swift */ = {isa = PBXFileReference; lastKnownFileType = sourcecode.swift; path = VolumeDeltaController.swift; sourceTree = "<group>"; };
		2D1DDF6E89B6B464138B68F3 /* heartbeat.ack.json */ = {isa = PBXFileReference; lastKnownFileType = text.json; path = heartbeat.ack.json; sourceTree = "<group>"; };
		2DC647D7703D8183680FB97F /* ClickBridgePhoneTests.xctest */ = {isa = PBXFileReference; includeInIndex = 0; lastKnownFileType = wrapper.cfbundle; path = ClickBridgePhoneTests.xctest; sourceTree = BUILT_PRODUCTS_DIR; };
		2DCA40F0B7448CB03FBDF634 /* PairingLink.swift */ = {isa = PBXFileReference; lastKnownFileType = sourcecode.swift; path = PairingLink.swift; sourceTree = "<group>"; };
		2DCB0BA64569BFDEFB80A273 /* pair.claimed.mac.json */ = {isa = PBXFileReference; lastKnownFileType = text.json; path = pair.claimed.mac.json; sourceTree = "<group>"; };
		2E732BEF4A9C9923D0AC11D2 /* relay.ack.rejected-invalid-request.json */ = {isa = PBXFileReference; lastKnownFileType = text.json; path = "relay.ack.rejected-invalid-request.json"; sourceTree = "<group>"; };
		305EE87B90D2918B1F2D4F1A /* pair-status-legacy-version-mismatch.json */ = {isa = PBXFileReference; lastKnownFileType = text.json; path = "pair-status-legacy-version-mismatch.json"; sourceTree = "<group>"; };
		321B04D634B3F3ED1579038B /* wrong-version.json */ = {isa = PBXFileReference; lastKnownFileType = text.json; path = "wrong-version.json"; sourceTree = "<group>"; };
		337DB0035A6F4BC9F8EF6D8D /* pair-status-paired-version-mismatch.json */ = {isa = PBXFileReference; lastKnownFileType = text.json; path = "pair-status-paired-version-mismatch.json"; sourceTree = "<group>"; };
		35F68717F7CF5C22F6C52B5A /* pair.cancel.json */ = {isa = PBXFileReference; lastKnownFileType = text.json; path = pair.cancel.json; sourceTree = "<group>"; };
		363F0099EB46329EFE77A33C /* PhonePairingClientTests.swift */ = {isa = PBXFileReference; lastKnownFileType = sourcecode.swift; path = PhonePairingClientTests.swift; sourceTree = "<group>"; };
		37012802B807C906E27AA628 /* PhoneSettingsStoreTests.swift */ = {isa = PBXFileReference; lastKnownFileType = sourcecode.swift; path = PhoneSettingsStoreTests.swift; sourceTree = "<group>"; };
		37C7AEA4F616F871AB4FD8C9 /* pair-noncanonical-reference.json */ = {isa = PBXFileReference; lastKnownFileType = text.json; path = "pair-noncanonical-reference.json"; sourceTree = "<group>"; };
		3981B3583FA4C2E9BE4D1937 /* pair.deny.json */ = {isa = PBXFileReference; lastKnownFileType = text.json; path = pair.deny.json; sourceTree = "<group>"; };
		3CD8C6AA3E419AAC07FFCE4D /* pair.create.json */ = {isa = PBXFileReference; lastKnownFileType = text.json; path = pair.create.json; sourceTree = "<group>"; };
		3DB5265C684452C9726FEF97 /* ClickBridgeIntents.swift */ = {isa = PBXFileReference; lastKnownFileType = sourcecode.swift; path = ClickBridgeIntents.swift; sourceTree = "<group>"; };
		3EA9581C90F55AECA9BCDCCF /* TestDoubles.swift */ = {isa = PBXFileReference; lastKnownFileType = sourcecode.swift; path = TestDoubles.swift; sourceTree = "<group>"; };
		3F49E7DC21A6AE623DE5B89C /* ClickBridgePhone.entitlements */ = {isa = PBXFileReference; lastKnownFileType = text.plist.entitlements; path = ClickBridgePhone.entitlements; sourceTree = "<group>"; };
		40A7E898CDCD3582E61A2D3C /* pair.claim.json */ = {isa = PBXFileReference; lastKnownFileType = text.json; path = pair.claim.json; sourceTree = "<group>"; };
		42BA4C0D99171C3686BF0677 /* PhoneClockHealthControllerTests.swift */ = {isa = PBXFileReference; lastKnownFileType = sourcecode.swift; path = PhoneClockHealthControllerTests.swift; sourceTree = "<group>"; };
		456234DCD65A7AC3095D8DF8 /* pair.credential.json */ = {isa = PBXFileReference; lastKnownFileType = text.json; path = pair.credential.json; sourceTree = "<group>"; };
		46533BA4F0297677867548D4 /* time.sync.request.json */ = {isa = PBXFileReference; lastKnownFileType = text.json; path = time.sync.request.json; sourceTree = "<group>"; };
		49020C69B60D737CD8002906 /* PhonePairingClient.swift */ = {isa = PBXFileReference; lastKnownFileType = sourcecode.swift; path = PhonePairingClient.swift; sourceTree = "<group>"; };
		4BEAA04BB04F3F8D2B9C7D9D /* PhoneRelayClientTests.swift */ = {isa = PBXFileReference; lastKnownFileType = sourcecode.swift; path = PhoneRelayClientTests.swift; sourceTree = "<group>"; };
		5002D579F0DDE9F6C8C7728E /* oversized.json */ = {isa = PBXFileReference; lastKnownFileType = text.json; path = oversized.json; sourceTree = "<group>"; };
		5120C3BD5B80B80F677A8592 /* phone.revoke.failed.json */ = {isa = PBXFileReference; lastKnownFileType = text.json; path = phone.revoke.failed.json; sourceTree = "<group>"; };
		54450823D2932AEAB0889D7E /* phone.list.json */ = {isa = PBXFileReference; lastKnownFileType = text.json; path = phone.list.json; sourceTree = "<group>"; };
		559AB89DCED1360CDBC403E9 /* PhoneState.swift */ = {isa = PBXFileReference; lastKnownFileType = sourcecode.swift; path = PhoneState.swift; sourceTree = "<group>"; };
		55B76ED65F4B3973DDCD7BD2 /* action.result.rejected.invalid-request.json */ = {isa = PBXFileReference; lastKnownFileType = text.json; path = "action.result.rejected.invalid-request.json"; sourceTree = "<group>"; };
		5697FCA42A34E1F65DCC1664 /* PhoneWireProtocol.swift */ = {isa = PBXFileReference; lastKnownFileType = sourcecode.swift; path = PhoneWireProtocol.swift; sourceTree = "<group>"; };
		57CD6F3CDD446AAA11BA459D /* state.json */ = {isa = PBXFileReference; lastKnownFileType = text.json; path = state.json; sourceTree = "<group>"; };
		58245E1F0524FE1EBA7634E9 /* pair-bad-nonce.json */ = {isa = PBXFileReference; lastKnownFileType = text.json; path = "pair-bad-nonce.json"; sourceTree = "<group>"; };
		5A2F28F17260BC1C3FF791CC /* heartbeat.request.json */ = {isa = PBXFileReference; lastKnownFileType = text.json; path = heartbeat.request.json; sourceTree = "<group>"; };
		5B7475BF2E200C4D4273713E /* action.result.rejected.expired.json */ = {isa = PBXFileReference; lastKnownFileType = text.json; path = action.result.rejected.expired.json; sourceTree = "<group>"; };
		5E774FA78C1E2649A1E5BC0B /* pair-padded-reference.json */ = {isa = PBXFileReference; lastKnownFileType = text.json; path = "pair-padded-reference.json"; sourceTree = "<group>"; };
		65D96F4AF51FF721DBFFB754 /* PhonePorts.swift */ = {isa = PBXFileReference; lastKnownFileType = sourcecode.swift; path = PhonePorts.swift; sourceTree = "<group>"; };
		67318F4FB52548636761D66F /* action.result.rejected.permission-required.json */ = {isa = PBXFileReference; lastKnownFileType = text.json; path = "action.result.rejected.permission-required.json"; sourceTree = "<group>"; };
		69C2529EFC60A04153E3CA83 /* pair-wrong-role.json */ = {isa = PBXFileReference; lastKnownFileType = text.json; path = "pair-wrong-role.json"; sourceTree = "<group>"; };
		6C0F690CD7423E42140F7607 /* PhonePairingPresentation.swift */ = {isa = PBXFileReference; lastKnownFileType = sourcecode.swift; path = PhonePairingPresentation.swift; sourceTree = "<group>"; };
		6EBA1562261D223E3F5FE6C9 /* pair-short-reference.json */ = {isa = PBXFileReference; lastKnownFileType = text.json; path = "pair-short-reference.json"; sourceTree = "<group>"; };
		6F2B917F00583E74413BA663 /* pair.failed.claimant.json */ = {isa = PBXFileReference; lastKnownFileType = text.json; path = pair.failed.claimant.json; sourceTree = "<group>"; };
		6FAC5220384CDDA8E3B4334A /* AVAudioSessionVolumeSource.swift */ = {isa = PBXFileReference; lastKnownFileType = sourcecode.swift; path = AVAudioSessionVolumeSource.swift; sourceTree = "<group>"; };
		720491FC42ED8E19B9D4728F /* PhoneSettingsStore.swift */ = {isa = PBXFileReference; lastKnownFileType = sourcecode.swift; path = PhoneSettingsStore.swift; sourceTree = "<group>"; };
		72377CBCC5F25464655C4F52 /* pair-wrong-state.json */ = {isa = PBXFileReference; lastKnownFileType = text.json; path = "pair-wrong-state.json"; sourceTree = "<group>"; };
		751FF4BD78E51CB183F13C80 /* unknown-field.json */ = {isa = PBXFileReference; lastKnownFileType = text.json; path = "unknown-field.json"; sourceTree = "<group>"; };
		7A3E77A004AA5F923DF69812 /* PrivacyInfo.xcprivacy */ = {isa = PBXFileReference; path = PrivacyInfo.xcprivacy; sourceTree = "<group>"; };
		7BA6F46C08252D6500E29AA1 /* PhoneRelayClient.swift */ = {isa = PBXFileReference; lastKnownFileType = sourcecode.swift; path = PhoneRelayClient.swift; sourceTree = "<group>"; };
		7C70026D00D083C118547E04 /* pair.cancel.claim.json */ = {isa = PBXFileReference; lastKnownFileType = text.json; path = pair.cancel.claim.json; sourceTree = "<group>"; };
		7FABD57413C17B471DA7805E /* invalid-result-status.json */ = {isa = PBXFileReference; lastKnownFileType = text.json; path = "invalid-result-status.json"; sourceTree = "<group>"; };
		85254040287679459F0BB3FE /* hello.phone.json */ = {isa = PBXFileReference; lastKnownFileType = text.json; path = hello.phone.json; sourceTree = "<group>"; };
		86250F1E15403DF10E29D085 /* PhonePendingAuthenticator.swift */ = {isa = PBXFileReference; lastKnownFileType = sourcecode.swift; path = PhonePendingAuthenticator.swift; sourceTree = "<group>"; };
		8AF78A40C08CC8D2B666CFE5 /* ContentView.swift */ = {isa = PBXFileReference; lastKnownFileType = sourcecode.swift; path = ContentView.swift; sourceTree = "<group>"; };
		93FD7750933D24566E56574A /* invalid-relay-ack-pairing.json */ = {isa = PBXFileReference; lastKnownFileType = text.json; path = "invalid-relay-ack-pairing.json"; sourceTree = "<group>"; };
		94DECA504F4AD19E8FEFF1D6 /* hello.ok.json */ = {isa = PBXFileReference; lastKnownFileType = text.json; path = hello.ok.json; sourceTree = "<group>"; };
		986C9B7F242546D2F7B981A6 /* pair-invalid-reference-character.json */ = {isa = PBXFileReference; lastKnownFileType = text.json; path = "pair-invalid-reference-character.json"; sourceTree = "<group>"; };
		9A28D7E8A0CB9808E8B5E1EF /* invalid-result-reason.json */ = {isa = PBXFileReference; lastKnownFileType = text.json; path = "invalid-result-reason.json"; sourceTree = "<group>"; };
		9A94B694A3F2115B2C872DFB /* PhoneWireProtocolTests.swift */ = {isa = PBXFileReference; lastKnownFileType = sourcecode.swift; path = PhoneWireProtocolTests.swift; sourceTree = "<group>"; };
		9F12E677A59F7D8D4651153F /* phone.revoke.request.json */ = {isa = PBXFileReference; lastKnownFileType = text.json; path = phone.revoke.request.json; sourceTree = "<group>"; };
		9FF029CE9331040FF4422FF4 /* PairingScannerLifecycleTests.swift */ = {isa = PBXFileReference; lastKnownFileType = sourcecode.swift; path = PairingScannerLifecycleTests.swift; sourceTree = "<group>"; };
		A6F2CE2FADB4D492C111C72A /* pair.failed.mac-after-claim.json */ = {isa = PBXFileReference; lastKnownFileType = text.json; path = "pair.failed.mac-after-claim.json"; sourceTree = "<group>"; };
		A7EEF4B04B411ACA2E2FFD24 /* PhonePairingPresentationTests.swift */ = {isa = PBXFileReference; lastKnownFileType = sourcecode.swift; path = PhonePairingPresentationTests.swift; sourceTree = "<group>"; };
		A819423ED6FC50E8802225C9 /* PhoneStateTests.swift */ = {isa = PBXFileReference; lastKnownFileType = sourcecode.swift; path = PhoneStateTests.swift; sourceTree = "<group>"; };
		A95E524237149A5B222919C5 /* pair.failed.mac-before-claim.json */ = {isa = PBXFileReference; lastKnownFileType = text.json; path = "pair.failed.mac-before-claim.json"; sourceTree = "<group>"; };
		A9722B3DA78B07564DCBEB3C /* pair.claimed.phone.json */ = {isa = PBXFileReference; lastKnownFileType = text.json; path = pair.claimed.phone.json; sourceTree = "<group>"; };
		AC46A3FF2E91CC4D65C8B6D2 /* Assets.xcassets */ = {isa = PBXFileReference; lastKnownFileType = folder.assetcatalog; path = Assets.xcassets; sourceTree = "<group>"; };
		B06837C01E288F47112046A9 /* action.request.json */ = {isa = PBXFileReference; lastKnownFileType = text.json; path = action.request.json; sourceTree = "<group>"; };
		B57BD956AB23167F03BFAC7E /* binary-descriptor.json */ = {isa = PBXFileReference; lastKnownFileType = text.json; path = "binary-descriptor.json"; sourceTree = "<group>"; };
		B5B5B519A4A7BBF3DADEEDB5 /* phone.list.request.json */ = {isa = PBXFileReference; lastKnownFileType = text.json; path = phone.list.request.json; sourceTree = "<group>"; };
		B6F28DA587801EBD819EB398 /* PhoneActionCoordinatorTests.swift */ = {isa = PBXFileReference; lastKnownFileType = sourcecode.swift; path = PhoneActionCoordinatorTests.swift; sourceTree = "<group>"; };
		B8BDD8B7875C7FDF9B09742D /* pair.approve.json */ = {isa = PBXFileReference; lastKnownFileType = text.json; path = pair.approve.json; sourceTree = "<group>"; };
		B946FCA4D59F52C0616A44A2 /* diagnostics.request.json */ = {isa = PBXFileReference; lastKnownFileType = text.json; path = diagnostics.request.json; sourceTree = "<group>"; };
		B984CCFA8C1D9E5BD14B54B6 /* phone.revoked.json */ = {isa = PBXFileReference; lastKnownFileType = text.json; path = phone.revoked.json; sourceTree = "<group>"; };
		BF07268125B159D52DFE9FB0 /* PairingScannerView.swift */ = {isa = PBXFileReference; lastKnownFileType = sourcecode.swift; path = PairingScannerView.swift; sourceTree = "<group>"; };
		BFFF82FB37CD389C962FD8F0 /* mac.state.json */ = {isa = PBXFileReference; lastKnownFileType = text.json; path = mac.state.json; sourceTree = "<group>"; };
		C05DFA96B235B723E6BA1476 /* diagnostics.counters.json */ = {isa = PBXFileReference; lastKnownFileType = text.json; path = diagnostics.counters.json; sourceTree = "<group>"; };
		C0817A6D22EB57F260F83894 /* runtime-constants.json */ = {isa = PBXFileReference; lastKnownFileType = text.json; path = "runtime-constants.json"; sourceTree = "<group>"; };
		C0DAB7B7A3B85BFF793CCE7D /* ProductionWiringTests.swift */ = {isa = PBXFileReference; lastKnownFileType = sourcecode.swift; path = ProductionWiringTests.swift; sourceTree = "<group>"; };
		C0E9717BF1CD2631C085B786 /* Base.xcconfig */ = {isa = PBXFileReference; lastKnownFileType = text.xcconfig; path = Base.xcconfig; sourceTree = "<group>"; };
		C15E535E885EE67A070ADC46 /* ClickBridgePhone.app */ = {isa = PBXFileReference; includeInIndex = 0; lastKnownFileType = wrapper.application; path = ClickBridgePhone.app; sourceTree = BUILT_PRODUCTS_DIR; };
		C1A5255CDC3C06093783E9C4 /* pair.credential.ack.json */ = {isa = PBXFileReference; lastKnownFileType = text.json; path = pair.credential.ack.json; sourceTree = "<group>"; };
		C1E028EEC1D3CD8B321DD886 /* pair-noncanonical-uuid.json */ = {isa = PBXFileReference; lastKnownFileType = text.json; path = "pair-noncanonical-uuid.json"; sourceTree = "<group>"; };
		C295E5126681E09E40920B2E /* pair-wrong-pairing-version.json */ = {isa = PBXFileReference; lastKnownFileType = text.json; path = "pair-wrong-pairing-version.json"; sourceTree = "<group>"; };
		C52C929B746EEBAFDB753894 /* pair.status.json */ = {isa = PBXFileReference; lastKnownFileType = text.json; path = pair.status.json; sourceTree = "<group>"; };
		CA204DD8D3F6AB7425401E5F /* PhoneClockHealthController.swift */ = {isa = PBXFileReference; lastKnownFileType = sourcecode.swift; path = PhoneClockHealthController.swift; sourceTree = "<group>"; };
		CEBF6F30A4C9A76B8E3AA455 /* relay.ack.mac-offline.json */ = {isa = PBXFileReference; lastKnownFileType = text.json; path = "relay.ack.mac-offline.json"; sourceTree = "<group>"; };
		CF5F4D524ECA1D9EEF80FB80 /* pair.created.json */ = {isa = PBXFileReference; lastKnownFileType = text.json; path = pair.created.json; sourceTree = "<group>"; };
		D6FCA39C666D3388A7836FFE /* relay.ack.json */ = {isa = PBXFileReference; lastKnownFileType = text.json; path = relay.ack.json; sourceTree = "<group>"; };
		D8E538BA6E6926E8854D2845 /* hello.ok.mac.json */ = {isa = PBXFileReference; lastKnownFileType = text.json; path = hello.ok.mac.json; sourceTree = "<group>"; };
		DB2B3B08EFF39083A3A2BB5D /* Info.plist */ = {isa = PBXFileReference; lastKnownFileType = text.plist; path = Info.plist; sourceTree = "<group>"; };
		DE0A11477A2D44D30BB14D66 /* time.sync.response.json */ = {isa = PBXFileReference; lastKnownFileType = text.json; path = time.sync.response.json; sourceTree = "<group>"; };
		E0E09F53D643BB4385F0C93F /* deployment.json */ = {isa = PBXFileReference; lastKnownFileType = text.json; path = deployment.json; sourceTree = "<group>"; };
		E24E6ECB379D94CEAE69CC0C /* StrictPhoneWireDecoder.swift */ = {isa = PBXFileReference; lastKnownFileType = sourcecode.swift; path = StrictPhoneWireDecoder.swift; sourceTree = "<group>"; };
		E27D9D36416B5A1D8FC4332E /* relay.ack.rejected-expired.json */ = {isa = PBXFileReference; lastKnownFileType = text.json; path = "relay.ack.rejected-expired.json"; sourceTree = "<group>"; };
		E2828D53B5D1942DBF5C84B3 /* PairingLinkTests.swift */ = {isa = PBXFileReference; lastKnownFileType = sourcecode.swift; path = PairingLinkTests.swift; sourceTree = "<group>"; };
		E40162D7B83EEB1DB7934914 /* action.result.rejected.capacity-exceeded.json */ = {isa = PBXFileReference; lastKnownFileType = text.json; path = "action.result.rejected.capacity-exceeded.json"; sourceTree = "<group>"; };
		E986F309E9743D931BBBA198 /* pair.status.request.json */ = {isa = PBXFileReference; lastKnownFileType = text.json; path = pair.status.request.json; sourceTree = "<group>"; };
		EA6EBA2119B44D01EE9B3DE2 /* WhatToTest.en-US.txt */ = {isa = PBXFileReference; lastKnownFileType = text; path = "WhatToTest.en-US.txt"; sourceTree = "<group>"; };
		EAE8A980ED3E74047E5F0701 /* PhonePendingAuthenticatorTests.swift */ = {isa = PBXFileReference; lastKnownFileType = sourcecode.swift; path = PhonePendingAuthenticatorTests.swift; sourceTree = "<group>"; };
		F24833030CB97C799023B6F6 /* pair.active.json */ = {isa = PBXFileReference; lastKnownFileType = text.json; path = pair.active.json; sourceTree = "<group>"; };
		F34DF61DC641B6FDAE25648A /* action.result.rejected.id-conflict.json */ = {isa = PBXFileReference; lastKnownFileType = text.json; path = "action.result.rejected.id-conflict.json"; sourceTree = "<group>"; };
		F3EF3F71B5800400F630173B /* action.result.rejected.json */ = {isa = PBXFileReference; lastKnownFileType = text.json; path = action.result.rejected.json; sourceTree = "<group>"; };
		F6EC04DCB20F55048A3AF6EA /* pair.completed.json */ = {isa = PBXFileReference; lastKnownFileType = text.json; path = pair.completed.json; sourceTree = "<group>"; };
		F7A3879462463502A9004BCB /* hello.mac.json */ = {isa = PBXFileReference; lastKnownFileType = text.json; path = hello.mac.json; sourceTree = "<group>"; };
		F81E04222FA3FFD9428F1F30 /* action.result.rejected.event-creation-failed.json */ = {isa = PBXFileReference; lastKnownFileType = text.json; path = "action.result.rejected.event-creation-failed.json"; sourceTree = "<group>"; };
		F8E8F065E4DEFD8706D61160 /* KeychainStore.swift */ = {isa = PBXFileReference; lastKnownFileType = sourcecode.swift; path = KeychainStore.swift; sourceTree = "<group>"; };
/* End PBXFileReference section */

/* Begin PBXGroup section */
		1328EDF0CBEE55E39200FCE6 /* ClickBridgePhone */ = {
			isa = PBXGroup;
			children = (
				AC46A3FF2E91CC4D65C8B6D2 /* Assets.xcassets */,
				6FAC5220384CDDA8E3B4334A /* AVAudioSessionVolumeSource.swift */,
				3DB5265C684452C9726FEF97 /* ClickBridgeIntents.swift */,
				3F49E7DC21A6AE623DE5B89C /* ClickBridgePhone.entitlements */,
				29C13719C36FE3B021C0CE10 /* ClickBridgePhoneApp.swift */,
				8AF78A40C08CC8D2B666CFE5 /* ContentView.swift */,
				DB2B3B08EFF39083A3A2BB5D /* Info.plist */,
				F8E8F065E4DEFD8706D61160 /* KeychainStore.swift */,
				2DCA40F0B7448CB03FBDF634 /* PairingLink.swift */,
				BF07268125B159D52DFE9FB0 /* PairingScannerView.swift */,
				19A6D6AB40E5A6F2870DA4BC /* PhoneActionCoordinator.swift */,
				23E5CCAB41E627DDA061BD66 /* PhoneAppModel.swift */,
				CA204DD8D3F6AB7425401E5F /* PhoneClockHealthController.swift */,
				26058560A94D4B6ABB3AADEC /* PhoneDeployment.swift */,
				49020C69B60D737CD8002906 /* PhonePairingClient.swift */,
				6C0F690CD7423E42140F7607 /* PhonePairingPresentation.swift */,
				86250F1E15403DF10E29D085 /* PhonePendingAuthenticator.swift */,
				65D96F4AF51FF721DBFFB754 /* PhonePorts.swift */,
				7BA6F46C08252D6500E29AA1 /* PhoneRelayClient.swift */,
				720491FC42ED8E19B9D4728F /* PhoneSettingsStore.swift */,
				559AB89DCED1360CDBC403E9 /* PhoneState.swift */,
				5697FCA42A34E1F65DCC1664 /* PhoneWireProtocol.swift */,
				7A3E77A004AA5F923DF69812 /* PrivacyInfo.xcprivacy */,
				E24E6ECB379D94CEAE69CC0C /* StrictPhoneWireDecoder.swift */,
				2D10BF941DBB865E2E0C9BE0 /* VolumeDeltaController.swift */,
			);
			path = ClickBridgePhone;
			sourceTree = "<group>";
		};
		2A81D1E9F6E38F23A5BCDE1B /* Config */ = {
			isa = PBXGroup;
			children = (
				C0E9717BF1CD2631C085B786 /* Base.xcconfig */,
			);
			path = Config;
			sourceTree = "<group>";
		};
		2D85477860873EEA8CF263B7 /* Products */ = {
			isa = PBXGroup;
			children = (
				C15E535E885EE67A070ADC46 /* ClickBridgePhone.app */,
				2DC647D7703D8183680FB97F /* ClickBridgePhoneTests.xctest */,
			);
			name = Products;
			sourceTree = "<group>";
		};
		44C2BB635DB5EF19C7D38055 /* fixtures */ = {
			isa = PBXGroup;
			children = (
				B06837C01E288F47112046A9 /* action.request.json */,
				2C941661EA7AAD864246CDD0 /* action.result.posted.json */,
				E40162D7B83EEB1DB7934914 /* action.result.rejected.capacity-exceeded.json */,
				F81E04222FA3FFD9428F1F30 /* action.result.rejected.event-creation-failed.json */,
				5B7475BF2E200C4D4273713E /* action.result.rejected.expired.json */,
				F34DF61DC641B6FDAE25648A /* action.result.rejected.id-conflict.json */,
				55B76ED65F4B3973DDCD7BD2 /* action.result.rejected.invalid-request.json */,
				F3EF3F71B5800400F630173B /* action.result.rejected.json */,
				67318F4FB52548636761D66F /* action.result.rejected.permission-required.json */,
				C05DFA96B235B723E6BA1476 /* diagnostics.counters.json */,
				B946FCA4D59F52C0616A44A2 /* diagnostics.request.json */,
				2D1DDF6E89B6B464138B68F3 /* heartbeat.ack.json */,
				5A2F28F17260BC1C3FF791CC /* heartbeat.request.json */,
				F7A3879462463502A9004BCB /* hello.mac.json */,
				94DECA504F4AD19E8FEFF1D6 /* hello.ok.json */,
				D8E538BA6E6926E8854D2845 /* hello.ok.mac.json */,
				85254040287679459F0BB3FE /* hello.phone.json */,
				BFFF82FB37CD389C962FD8F0 /* mac.state.json */,
				F24833030CB97C799023B6F6 /* pair.active.json */,
				B8BDD8B7875C7FDF9B09742D /* pair.approve.json */,
				7C70026D00D083C118547E04 /* pair.cancel.claim.json */,
				35F68717F7CF5C22F6C52B5A /* pair.cancel.json */,
				40A7E898CDCD3582E61A2D3C /* pair.claim.json */,
				2DCB0BA64569BFDEFB80A273 /* pair.claimed.mac.json */,
				A9722B3DA78B07564DCBEB3C /* pair.claimed.phone.json */,
				F6EC04DCB20F55048A3AF6EA /* pair.completed.json */,
				3CD8C6AA3E419AAC07FFCE4D /* pair.create.json */,
				CF5F4D524ECA1D9EEF80FB80 /* pair.created.json */,
				C1A5255CDC3C06093783E9C4 /* pair.credential.ack.json */,
				456234DCD65A7AC3095D8DF8 /* pair.credential.json */,
				3981B3583FA4C2E9BE4D1937 /* pair.deny.json */,
				6F2B917F00583E74413BA663 /* pair.failed.claimant.json */,
				A6F2CE2FADB4D492C111C72A /* pair.failed.mac-after-claim.json */,
				A95E524237149A5B222919C5 /* pair.failed.mac-before-claim.json */,
				C52C929B746EEBAFDB753894 /* pair.status.json */,
				E986F309E9743D931BBBA198 /* pair.status.request.json */,
				54450823D2932AEAB0889D7E /* phone.list.json */,
				B5B5B519A4A7BBF3DADEEDB5 /* phone.list.request.json */,
				5120C3BD5B80B80F677A8592 /* phone.revoke.failed.json */,
				9F12E677A59F7D8D4651153F /* phone.revoke.request.json */,
				B984CCFA8C1D9E5BD14B54B6 /* phone.revoked.json */,
				D6FCA39C666D3388A7836FFE /* relay.ack.json */,
				CEBF6F30A4C9A76B8E3AA455 /* relay.ack.mac-offline.json */,
				E27D9D36416B5A1D8FC4332E /* relay.ack.rejected-expired.json */,
				2E732BEF4A9C9923D0AC11D2 /* relay.ack.rejected-invalid-request.json */,
				57CD6F3CDD446AAA11BA459D /* state.json */,
				46533BA4F0297677867548D4 /* time.sync.request.json */,
				DE0A11477A2D44D30BB14D66 /* time.sync.response.json */,
				C4D67FBDEC6988BAF0CAC121 /* invalid */,
			);
			name = fixtures;
			path = ../contracts/fixtures;
			sourceTree = "<group>";
		};
		91ECE6CE8A8579E4F0C4F425 = {
			isa = PBXGroup;
			children = (
				1328EDF0CBEE55E39200FCE6 /* ClickBridgePhone */,
				C97DDD527D6A00EC40F8A64C /* ClickBridgePhoneTests */,
				2A81D1E9F6E38F23A5BCDE1B /* Config */,
				9826F3614056D3C23786CDAC /* contracts */,
				FA295FE26BFB877572240796 /* TestFlight */,
				2D85477860873EEA8CF263B7 /* Products */,
			);
			sourceTree = "<group>";
		};
		9826F3614056D3C23786CDAC /* contracts */ = {
			isa = PBXGroup;
			children = (
				E4435DD1A06BA84FF136DEC7 /* config */,
				44C2BB635DB5EF19C7D38055 /* fixtures */,
			);
			name = contracts;
			sourceTree = "<group>";
		};
		C4D67FBDEC6988BAF0CAC121 /* invalid */ = {
			isa = PBXGroup;
			children = (
				B57BD956AB23167F03BFAC7E /* binary-descriptor.json */,
				93FD7750933D24566E56574A /* invalid-relay-ack-pairing.json */,
				9A28D7E8A0CB9808E8B5E1EF /* invalid-result-reason.json */,
				7FABD57413C17B471DA7805E /* invalid-result-status.json */,
				1026C2587167C684DB3D1BEA /* malformed.json */,
				5002D579F0DDE9F6C8C7728E /* oversized.json */,
				142F21D9B58DF25CC1EF990C /* pair-bad-credential.json */,
				58245E1F0524FE1EBA7634E9 /* pair-bad-nonce.json */,
				20A3BFD140A8A6ADFCEC77DB /* pair-bad-proof.json */,
				986C9B7F242546D2F7B981A6 /* pair-invalid-reference-character.json */,
				37C7AEA4F616F871AB4FD8C9 /* pair-noncanonical-reference.json */,
				C1E028EEC1D3CD8B321DD886 /* pair-noncanonical-uuid.json */,
				5E774FA78C1E2649A1E5BC0B /* pair-padded-reference.json */,
				6EBA1562261D223E3F5FE6C9 /* pair-short-reference.json */,
				305EE87B90D2918B1F2D4F1A /* pair-status-legacy-version-mismatch.json */,
				337DB0035A6F4BC9F8EF6D8D /* pair-status-paired-version-mismatch.json */,
				0E802B7CE1578B492AC1C0F4 /* pair-unknown-field.json */,
				C295E5126681E09E40920B2E /* pair-wrong-pairing-version.json */,
				69C2529EFC60A04153E3CA83 /* pair-wrong-role.json */,
				72377CBCC5F25464655C4F52 /* pair-wrong-state.json */,
				751FF4BD78E51CB183F13C80 /* unknown-field.json */,
				1B3676A7E98ABE97922C7B59 /* wrong-role.json */,
				321B04D634B3F3ED1579038B /* wrong-version.json */,
			);
			path = invalid;
			sourceTree = "<group>";
		};
		C97DDD527D6A00EC40F8A64C /* ClickBridgePhoneTests */ = {
			isa = PBXGroup;
			children = (
				E2828D53B5D1942DBF5C84B3 /* PairingLinkTests.swift */,
				9FF029CE9331040FF4422FF4 /* PairingScannerLifecycleTests.swift */,
				B6F28DA587801EBD819EB398 /* PhoneActionCoordinatorTests.swift */,
				42BA4C0D99171C3686BF0677 /* PhoneClockHealthControllerTests.swift */,
				1BE0E7F9262B9CC7CEA0B845 /* PhoneLifecycleTests.swift */,
				363F0099EB46329EFE77A33C /* PhonePairingClientTests.swift */,
				A7EEF4B04B411ACA2E2FFD24 /* PhonePairingPresentationTests.swift */,
				EAE8A980ED3E74047E5F0701 /* PhonePendingAuthenticatorTests.swift */,
				4BEAA04BB04F3F8D2B9C7D9D /* PhoneRelayClientTests.swift */,
				37012802B807C906E27AA628 /* PhoneSettingsStoreTests.swift */,
				A819423ED6FC50E8802225C9 /* PhoneStateTests.swift */,
				9A94B694A3F2115B2C872DFB /* PhoneWireProtocolTests.swift */,
				C0DAB7B7A3B85BFF793CCE7D /* ProductionWiringTests.swift */,
				169735BA84EA671F01741E8A /* SettingsPresentationTests.swift */,
				3EA9581C90F55AECA9BCDCCF /* TestDoubles.swift */,
				2995194A5DDCFFBE8D7CF01B /* VolumeDeltaControllerTests.swift */,
			);
			path = ClickBridgePhoneTests;
			sourceTree = "<group>";
		};
		E4435DD1A06BA84FF136DEC7 /* config */ = {
			isa = PBXGroup;
			children = (
				E0E09F53D643BB4385F0C93F /* deployment.json */,
				C0817A6D22EB57F260F83894 /* runtime-constants.json */,
			);
			name = config;
			path = ../contracts/config;
			sourceTree = "<group>";
		};
		FA295FE26BFB877572240796 /* TestFlight */ = {
			isa = PBXGroup;
			children = (
				EA6EBA2119B44D01EE9B3DE2 /* WhatToTest.en-US.txt */,
			);
			path = TestFlight;
			sourceTree = "<group>";
		};
/* End PBXGroup section */

/* Begin PBXNativeTarget section */
		46E692EA4409C3C7406D6C0E /* ClickBridgePhoneTests */ = {
			isa = PBXNativeTarget;
			buildConfigurationList = B0A47FE8E56AAA5E4EB2D5EC /* Build configuration list for PBXNativeTarget "ClickBridgePhoneTests" */;
			buildPhases = (
				07F543576F83CD85E6DBA1AD /* Sources */,
				CF173A9E13ACAB5D5DFD1E9C /* Resources */,
			);
			buildRules = (
			);
			dependencies = (
				E958FE0D8666D6B4A67E0E67 /* PBXTargetDependency */,
			);
			name = ClickBridgePhoneTests;
			packageProductDependencies = (
			);
			productName = ClickBridgePhoneTests;
			productReference = 2DC647D7703D8183680FB97F /* ClickBridgePhoneTests.xctest */;
			productType = "com.apple.product-type.bundle.unit-test";
		};
		52A00CE2006CC036262C0DF7 /* ClickBridgePhone */ = {
			isa = PBXNativeTarget;
			buildConfigurationList = A92DB56059AFA18E3EAE603B /* Build configuration list for PBXNativeTarget "ClickBridgePhone" */;
			buildPhases = (
				D921F17601C1B2390C7643FD /* Sources */,
				BADBCAB71A18483A22862A28 /* Resources */,
			);
			buildRules = (
			);
			dependencies = (
			);
			name = ClickBridgePhone;
			packageProductDependencies = (
			);
			productName = ClickBridgePhone;
			productReference = C15E535E885EE67A070ADC46 /* ClickBridgePhone.app */;
			productType = "com.apple.product-type.application";
		};
/* End PBXNativeTarget section */

/* Begin PBXProject section */
		8F4050ADE029FC03A35E0435 /* Project object */ = {
			isa = PBXProject;
			attributes = {
				BuildIndependentTargetsInParallel = YES;
				LastUpgradeCheck = 2700;
				TargetAttributes = {
					46E692EA4409C3C7406D6C0E = {
						DevelopmentTeam = EC3R6XQ226;
						ProvisioningStyle = Automatic;
					};
					52A00CE2006CC036262C0DF7 = {
						DevelopmentTeam = EC3R6XQ226;
						ProvisioningStyle = Automatic;
					};
				};
			};
			buildConfigurationList = 5DCC4312BF0B34CDF96948AA /* Build configuration list for PBXProject "ClickBridgePhone" */;
			developmentRegion = en;
			hasScannedForEncodings = 0;
			knownRegions = (
				Base,
				en,
			);
			mainGroup = 91ECE6CE8A8579E4F0C4F425;
			minimizedProjectReferenceProxies = 1;
			preferredProjectObjectVersion = 77;
			productRefGroup = 2D85477860873EEA8CF263B7 /* Products */;
			projectDirPath = "";
			projectRoot = "";
			targets = (
				52A00CE2006CC036262C0DF7 /* ClickBridgePhone */,
				46E692EA4409C3C7406D6C0E /* ClickBridgePhoneTests */,
			);
		};
/* End PBXProject section */

/* Begin PBXResourcesBuildPhase section */
		BADBCAB71A18483A22862A28 /* Resources */ = {
			isa = PBXResourcesBuildPhase;
			buildActionMask = 2147483647;
			files = (
				A399BB19C7E495D4897D12F5 /* Assets.xcassets in Resources */,
				B6085A2096069DA80B1F1B69 /* PrivacyInfo.xcprivacy in Resources */,
			);
			runOnlyForDeploymentPostprocessing = 0;
		};
		CF173A9E13ACAB5D5DFD1E9C /* Resources */ = {
			isa = PBXResourcesBuildPhase;
			buildActionMask = 2147483647;
			files = (
				2EABE7107676C397AA372571 /* action.request.json in Resources */,
				95AD325AA274F8D9673BF648 /* action.result.posted.json in Resources */,
				4DBE1EF7F14F05CDC1C3BB74 /* action.result.rejected.capacity-exceeded.json in Resources */,
				567B0AC18BA451E8CF7CD4EF /* action.result.rejected.event-creation-failed.json in Resources */,
				BFA4F9F656E4785C02634678 /* action.result.rejected.expired.json in Resources */,
				D0366EB9E605C0F81D62D52A /* action.result.rejected.id-conflict.json in Resources */,
				4C54DEAADBDC37F51CE2E227 /* action.result.rejected.invalid-request.json in Resources */,
				4CBED6C7197F50D2BF98CB92 /* action.result.rejected.json in Resources */,
				E584582F8DB28E27F007400E /* action.result.rejected.permission-required.json in Resources */,
				6DDFF552CBCB6AB8E94447A8 /* binary-descriptor.json in Resources */,
				F68273FED8483E13950A8F1A /* deployment.json in Resources */,
				73063C94241699EE3C6F4DAE /* diagnostics.counters.json in Resources */,
				F2CBED067392EA876634C027 /* diagnostics.request.json in Resources */,
				5D403F9B78978E0378868028 /* heartbeat.ack.json in Resources */,
				71115851912B003A66B5266F /* heartbeat.request.json in Resources */,
				749B8E8D88E3DAEF70D9A6CE /* hello.mac.json in Resources */,
				7354E45B18E62B7CE15C515F /* hello.ok.json in Resources */,
				A0F1E5DB9ABF95AE3D7D4287 /* hello.ok.mac.json in Resources */,
				E782BEC5296864887608EB05 /* hello.phone.json in Resources */,
				B0933A791DE10C5C00F16EFC /* invalid-relay-ack-pairing.json in Resources */,
				5EB45B0AA462AF823B749AFD /* invalid-result-reason.json in Resources */,
				DB8916B8E7408B4D18CAD752 /* invalid-result-status.json in Resources */,
				CC3E41BDED3A37310710C207 /* mac.state.json in Resources */,
				8B1D96E3D3F21686325B46BC /* malformed.json in Resources */,
				1B3ABC168A8E807AEFF77690 /* oversized.json in Resources */,
				A5393B0B08BF6A98FF632955 /* pair-bad-credential.json in Resources */,
				EF5B6A6A4D425DD4010CB142 /* pair-bad-nonce.json in Resources */,
				521FD5F86175B5479F9DF6D1 /* pair-bad-proof.json in Resources */,
				67233AD2373E5D83ECA99FDE /* pair-invalid-reference-character.json in Resources */,
				8996F58773B8AD0B98515A11 /* pair-noncanonical-reference.json in Resources */,
				2E14A160D49334402780C2EF /* pair-noncanonical-uuid.json in Resources */,
				868FFDBDFD8F958B9D93A5B6 /* pair-padded-reference.json in Resources */,
				15E720ECA93B28ED01A026E6 /* pair-short-reference.json in Resources */,
				ED9DA4936B6A1AE8CB46AEF0 /* pair-status-legacy-version-mismatch.json in Resources */,
				20023667C7429674ECA55222 /* pair-status-paired-version-mismatch.json in Resources */,
				4FFC99DAD4621E90F1227EB0 /* pair-unknown-field.json in Resources */,
				8C4FECC160E8B04E95BEA869 /* pair-wrong-pairing-version.json in Resources */,
				8B70231456E91F10E0AEB5B9 /* pair-wrong-role.json in Resources */,
				5699D68364D32912B3644E40 /* pair-wrong-state.json in Resources */,
				7C20B82C5C22A780EF742992 /* pair.active.json in Resources */,
				B25183C757C2CD526DBD613B /* pair.approve.json in Resources */,
				824A7210675D83C103821100 /* pair.cancel.claim.json in Resources */,
				19674B807CD4FAF24B50A5D9 /* pair.cancel.json in Resources */,
				195CD4292491EF4703AD00D4 /* pair.claim.json in Resources */,
				1A19E4B7B64C297239D5D40B /* pair.claimed.mac.json in Resources */,
				2B4FBD910AB5677D6368EC09 /* pair.claimed.phone.json in Resources */,
				40C904BA5742E7807653717B /* pair.completed.json in Resources */,
				17BC41143110DD6EA0FE22E8 /* pair.create.json in Resources */,
				5CEB522CE62BE77A38565090 /* pair.created.json in Resources */,
				5DAEF09848E5DE0B96D958D9 /* pair.credential.ack.json in Resources */,
				E8A5F6FAC6B4AD0B57DF1613 /* pair.credential.json in Resources */,
				EA819009053B7A02386083A7 /* pair.deny.json in Resources */,
				766299812F1AB12138C30B2C /* pair.failed.claimant.json in Resources */,
				ABB6C8399175A21DCAA45F7E /* pair.failed.mac-after-claim.json in Resources */,
				3C63C417C8AD873B594FF879 /* pair.failed.mac-before-claim.json in Resources */,
				374E3675B203B4BCCA36D571 /* pair.status.json in Resources */,
				E7DFE1A7B3FCDAD2852F574E /* pair.status.request.json in Resources */,
				4472D5FA22367CF48664EA18 /* phone.list.json in Resources */,
				5EAC2A9706FBF6F21F94EBAD /* phone.list.request.json in Resources */,
				002A73276DAE91B814422C90 /* phone.revoke.failed.json in Resources */,
				9458F03CCB19E012CCD6D871 /* phone.revoke.request.json in Resources */,
				9731FEF056245576E988E185 /* phone.revoked.json in Resources */,
				9C6776E2E8FECBFC7E4228DC /* relay.ack.json in Resources */,
				E94CA166F787E72B23FAA29E /* relay.ack.mac-offline.json in Resources */,
				654C418AC03B36B6C44C25BE /* relay.ack.rejected-expired.json in Resources */,
				0FBF3EAC572CE4CCBAFE6CCD /* relay.ack.rejected-invalid-request.json in Resources */,
				E8FEEA7B3BD5311F08E2F18C /* runtime-constants.json in Resources */,
				0B0A468E6F044773E1F8A718 /* state.json in Resources */,
				B5E3EC7E4794784C7862097F /* time.sync.request.json in Resources */,
				520E5D8A70E1E7413CCD929F /* time.sync.response.json in Resources */,
				FC908E1F6B80FCFFA54896B9 /* unknown-field.json in Resources */,
				85D3A9809CF2D9677C2213D4 /* wrong-role.json in Resources */,
				443E9DAB0164C8C26F74B5C7 /* wrong-version.json in Resources */,
			);
			runOnlyForDeploymentPostprocessing = 0;
		};
/* End PBXResourcesBuildPhase section */

/* Begin PBXSourcesBuildPhase section */
		07F543576F83CD85E6DBA1AD /* Sources */ = {
			isa = PBXSourcesBuildPhase;
			buildActionMask = 2147483647;
			files = (
				7A00992294C6F9F23A8BC7D4 /* PairingLinkTests.swift in Sources */,
				A5A7FA5D83A75FE31D99480E /* PairingScannerLifecycleTests.swift in Sources */,
				109610365CF557AD54624437 /* PhoneActionCoordinatorTests.swift in Sources */,
				4DDF8C096B020C608F5E7C5E /* PhoneClockHealthControllerTests.swift in Sources */,
				2D08DF4588EC6158772F30B1 /* PhoneLifecycleTests.swift in Sources */,
				A43519035B572F475FD2CF1B /* PhonePairingClientTests.swift in Sources */,
				CBB3C3586C6F0CF386D6FE90 /* PhonePairingPresentationTests.swift in Sources */,
				AECFEB56B45C59993C2CDDB6 /* PhonePendingAuthenticatorTests.swift in Sources */,
				7879224145B8AB561F795A0A /* PhoneRelayClientTests.swift in Sources */,
				D421C5C7B2872B8D1B76E9B0 /* PhoneSettingsStoreTests.swift in Sources */,
				34B36381D7692D6D5DC858EB /* PhoneStateTests.swift in Sources */,
				7B8954F135104108209A3CD7 /* PhoneWireProtocolTests.swift in Sources */,
				99CDECA362105F9B77201996 /* ProductionWiringTests.swift in Sources */,
				FE0FEEEA8FDF119CE0478AAB /* SettingsPresentationTests.swift in Sources */,
				305330481293DB88D0E4A0F6 /* TestDoubles.swift in Sources */,
				8624142A487B3DA1B2361385 /* VolumeDeltaControllerTests.swift in Sources */,
			);
			runOnlyForDeploymentPostprocessing = 0;
		};
		D921F17601C1B2390C7643FD /* Sources */ = {
			isa = PBXSourcesBuildPhase;
			buildActionMask = 2147483647;
			files = (
				235178D0FFBE2AF0883A378E /* AVAudioSessionVolumeSource.swift in Sources */,
				D5177B0D1562631F715BD0DF /* ClickBridgeIntents.swift in Sources */,
				A714D2FDB5E74598F682B541 /* ClickBridgePhoneApp.swift in Sources */,
				065BD567E3785B402A0855BB /* ContentView.swift in Sources */,
				AEFC880701B6644975721EF8 /* KeychainStore.swift in Sources */,
				461EC6E880CDCAD251BD7BE2 /* PairingLink.swift in Sources */,
				6CA19CA7A8CFD4F078E5E80E /* PairingScannerView.swift in Sources */,
				8BF369EB71F2F149C22A6111 /* PhoneActionCoordinator.swift in Sources */,
				64BEF839893426949D9DE829 /* PhoneAppModel.swift in Sources */,
				911F823B122E7CC1BA75615A /* PhoneClockHealthController.swift in Sources */,
				3F4811A37EFD4EA792402FE3 /* PhoneDeployment.swift in Sources */,
				FDCCFE8684EE3A2FD7D990E9 /* PhonePairingClient.swift in Sources */,
				4AA304AE7C3CEF5C5FCCE37D /* PhonePairingPresentation.swift in Sources */,
				91EA3CDD912CA2B002B27412 /* PhonePendingAuthenticator.swift in Sources */,
				0BDDEAE7A3419332AAE1EA68 /* PhonePorts.swift in Sources */,
				2B8984B9B84A9CCA72EA0875 /* PhoneRelayClient.swift in Sources */,
				3CF376EB1AFCC1F39BCE9808 /* PhoneSettingsStore.swift in Sources */,
				33FCB83F6AE07746CFBA6A7A /* PhoneState.swift in Sources */,
				0DC086D1E7662680697FCF3C /* PhoneWireProtocol.swift in Sources */,
				C9F7138F7EDC1535136E27BF /* StrictPhoneWireDecoder.swift in Sources */,
				C9E58DD53C887445C02F1DD0 /* VolumeDeltaController.swift in Sources */,
			);
			runOnlyForDeploymentPostprocessing = 0;
		};
/* End PBXSourcesBuildPhase section */

/* Begin PBXTargetDependency section */
		E958FE0D8666D6B4A67E0E67 /* PBXTargetDependency */ = {
			isa = PBXTargetDependency;
			target = 52A00CE2006CC036262C0DF7 /* ClickBridgePhone */;
			targetProxy = AE4F23B0EF6A81A3DBE4C56E /* PBXContainerItemProxy */;
		};
/* End PBXTargetDependency section */

/* Begin XCBuildConfiguration section */
		28B6FF96EAF05899659D8DC1 /* Release */ = {
			isa = XCBuildConfiguration;
			buildSettings = {
				BUNDLE_LOADER = "$(TEST_HOST)";
				GENERATE_INFOPLIST_FILE = YES;
				LD_RUNPATH_SEARCH_PATHS = (
					"$(inherited)",
					"@executable_path/Frameworks",
					"@loader_path/Frameworks",
				);
				PRODUCT_BUNDLE_IDENTIFIER = com.clickbridge.phone.tests;
				SDKROOT = iphoneos;
				TARGETED_DEVICE_FAMILY = "1,2";
				TEST_HOST = "$(BUILT_PRODUCTS_DIR)/ClickBridgePhone.app/ClickBridgePhone";
			};
			name = Release;
		};
		3D220042381D8B825278083C /* Debug */ = {
			isa = XCBuildConfiguration;
			buildSettings = {
				ASSETCATALOG_COMPILER_APPICON_NAME = AppIcon;
				CODE_SIGN_ENTITLEMENTS = ClickBridgePhone/ClickBridgePhone.entitlements;
				CODE_SIGN_IDENTITY = "iPhone Developer";
				INFOPLIST_FILE = ClickBridgePhone/Info.plist;
				LD_RUNPATH_SEARCH_PATHS = (
					"$(inherited)",
					"@executable_path/Frameworks",
				);
				PRODUCT_BUNDLE_IDENTIFIER = com.clickbridge.phone;
				SDKROOT = iphoneos;
				TARGETED_DEVICE_FAMILY = 1;
			};
			name = Debug;
		};
		694F9CCDD5013BC39DEFD3B8 /* Release */ = {
			isa = XCBuildConfiguration;
			baseConfigurationReference = C0E9717BF1CD2631C085B786 /* Base.xcconfig */;
			buildSettings = {
				ALWAYS_SEARCH_USER_PATHS = NO;
				ASSETCATALOG_COMPILER_GENERATE_SWIFT_ASSET_SYMBOL_EXTENSIONS = YES;
				CLANG_ANALYZER_NONNULL = YES;
				CLANG_ANALYZER_NUMBER_OBJECT_CONVERSION = YES_AGGRESSIVE;
				CLANG_CXX_LANGUAGE_STANDARD = "gnu++14";
				CLANG_CXX_LIBRARY = "libc++";
				CLANG_ENABLE_MODULES = YES;
				CLANG_ENABLE_OBJC_ARC = YES;
				CLANG_ENABLE_OBJC_WEAK = YES;
				CLANG_WARN_BLOCK_CAPTURE_AUTORELEASING = YES;
				CLANG_WARN_BOOL_CONVERSION = YES;
				CLANG_WARN_COMMA = YES;
				CLANG_WARN_CONSTANT_CONVERSION = YES;
				CLANG_WARN_DEPRECATED_OBJC_IMPLEMENTATIONS = YES;
				CLANG_WARN_DIRECT_OBJC_ISA_USAGE = YES_ERROR;
				CLANG_WARN_DOCUMENTATION_COMMENTS = YES;
				CLANG_WARN_EMPTY_BODY = YES;
				CLANG_WARN_ENUM_CONVERSION = YES;
				CLANG_WARN_INFINITE_RECURSION = YES;
				CLANG_WARN_INT_CONVERSION = YES;
				CLANG_WARN_NON_LITERAL_NULL_CONVERSION = YES;
				CLANG_WARN_OBJC_IMPLICIT_RETAIN_SELF = YES;
				CLANG_WARN_OBJC_LITERAL_CONVERSION = YES;
				CLANG_WARN_OBJC_ROOT_CLASS = YES_ERROR;
				CLANG_WARN_QUOTED_INCLUDE_IN_FRAMEWORK_HEADER = YES;
				CLANG_WARN_RANGE_LOOP_ANALYSIS = YES;
				CLANG_WARN_STRICT_PROTOTYPES = YES;
				CLANG_WARN_SUSPICIOUS_MOVE = YES;
				CLANG_WARN_UNGUARDED_AVAILABILITY = YES_AGGRESSIVE;
				CLANG_WARN_UNREACHABLE_CODE = YES;
				CLANG_WARN__DUPLICATE_METHOD_MATCH = YES;
				COPY_PHASE_STRIP = NO;
				DEBUG_INFORMATION_FORMAT = "dwarf-with-dsym";
				ENABLE_NS_ASSERTIONS = NO;
				ENABLE_STRICT_OBJC_MSGSEND = YES;
				ENABLE_USER_SCRIPT_SANDBOXING = YES;
				GCC_C_LANGUAGE_STANDARD = gnu11;
				GCC_NO_COMMON_BLOCKS = YES;
				GCC_WARN_64_TO_32_BIT_CONVERSION = YES;
				GCC_WARN_ABOUT_RETURN_TYPE = YES_ERROR;
				GCC_WARN_UNDECLARED_SELECTOR = YES;
				GCC_WARN_UNINITIALIZED_AUTOS = YES_AGGRESSIVE;
				GCC_WARN_UNUSED_FUNCTION = YES;
				GCC_WARN_UNUSED_VARIABLE = YES;
				IPHONEOS_DEPLOYMENT_TARGET = 17.0;
				MTL_ENABLE_DEBUG_INFO = NO;
				MTL_FAST_MATH = YES;
				PRODUCT_NAME = "$(TARGET_NAME)";
				SDKROOT = iphoneos;
				STRING_CATALOG_GENERATE_SYMBOLS = YES;
				SWIFT_COMPILATION_MODE = wholemodule;
				SWIFT_OPTIMIZATION_LEVEL = "-O";
				SWIFT_VERSION = 5.9;
			};
			name = Release;
		};
		725A85CA0B7C7B15BD5F3864 /* Release */ = {
			isa = XCBuildConfiguration;
			buildSettings = {
				ASSETCATALOG_COMPILER_APPICON_NAME = AppIcon;
				CODE_SIGN_ENTITLEMENTS = ClickBridgePhone/ClickBridgePhone.entitlements;
				CODE_SIGN_IDENTITY = "iPhone Developer";
				INFOPLIST_FILE = ClickBridgePhone/Info.plist;
				LD_RUNPATH_SEARCH_PATHS = (
					"$(inherited)",
					"@executable_path/Frameworks",
				);
				PRODUCT_BUNDLE_IDENTIFIER = com.clickbridge.phone;
				SDKROOT = iphoneos;
				TARGETED_DEVICE_FAMILY = 1;
			};
			name = Release;
		};
		87CF4BBC4E0E5FF2A8685B51 /* Debug */ = {
			isa = XCBuildConfiguration;
			buildSettings = {
				BUNDLE_LOADER = "$(TEST_HOST)";
				GENERATE_INFOPLIST_FILE = YES;
				LD_RUNPATH_SEARCH_PATHS = (
					"$(inherited)",
					"@executable_path/Frameworks",
					"@loader_path/Frameworks",
				);
				PRODUCT_BUNDLE_IDENTIFIER = com.clickbridge.phone.tests;
				SDKROOT = iphoneos;
				TARGETED_DEVICE_FAMILY = "1,2";
				TEST_HOST = "$(BUILT_PRODUCTS_DIR)/ClickBridgePhone.app/ClickBridgePhone";
			};
			name = Debug;
		};
		B458D189804D654D18471A6A /* Debug */ = {
			isa = XCBuildConfiguration;
			baseConfigurationReference = C0E9717BF1CD2631C085B786 /* Base.xcconfig */;
			buildSettings = {
				ALWAYS_SEARCH_USER_PATHS = NO;
				ASSETCATALOG_COMPILER_GENERATE_SWIFT_ASSET_SYMBOL_EXTENSIONS = YES;
				CLANG_ANALYZER_NONNULL = YES;
				CLANG_ANALYZER_NUMBER_OBJECT_CONVERSION = YES_AGGRESSIVE;
				CLANG_CXX_LANGUAGE_STANDARD = "gnu++14";
				CLANG_CXX_LIBRARY = "libc++";
				CLANG_ENABLE_MODULES = YES;
				CLANG_ENABLE_OBJC_ARC = YES;
				CLANG_ENABLE_OBJC_WEAK = YES;
				CLANG_WARN_BLOCK_CAPTURE_AUTORELEASING = YES;
				CLANG_WARN_BOOL_CONVERSION = YES;
				CLANG_WARN_COMMA = YES;
				CLANG_WARN_CONSTANT_CONVERSION = YES;
				CLANG_WARN_DEPRECATED_OBJC_IMPLEMENTATIONS = YES;
				CLANG_WARN_DIRECT_OBJC_ISA_USAGE = YES_ERROR;
				CLANG_WARN_DOCUMENTATION_COMMENTS = YES;
				CLANG_WARN_EMPTY_BODY = YES;
				CLANG_WARN_ENUM_CONVERSION = YES;
				CLANG_WARN_INFINITE_RECURSION = YES;
				CLANG_WARN_INT_CONVERSION = YES;
				CLANG_WARN_NON_LITERAL_NULL_CONVERSION = YES;
				CLANG_WARN_OBJC_IMPLICIT_RETAIN_SELF = YES;
				CLANG_WARN_OBJC_LITERAL_CONVERSION = YES;
				CLANG_WARN_OBJC_ROOT_CLASS = YES_ERROR;
				CLANG_WARN_QUOTED_INCLUDE_IN_FRAMEWORK_HEADER = YES;
				CLANG_WARN_RANGE_LOOP_ANALYSIS = YES;
				CLANG_WARN_STRICT_PROTOTYPES = YES;
				CLANG_WARN_SUSPICIOUS_MOVE = YES;
				CLANG_WARN_UNGUARDED_AVAILABILITY = YES_AGGRESSIVE;
				CLANG_WARN_UNREACHABLE_CODE = YES;
				CLANG_WARN__DUPLICATE_METHOD_MATCH = YES;
				COPY_PHASE_STRIP = NO;
				DEBUG_INFORMATION_FORMAT = dwarf;
				ENABLE_STRICT_OBJC_MSGSEND = YES;
				ENABLE_TESTABILITY = YES;
				ENABLE_USER_SCRIPT_SANDBOXING = YES;
				GCC_C_LANGUAGE_STANDARD = gnu11;
				GCC_DYNAMIC_NO_PIC = NO;
				GCC_NO_COMMON_BLOCKS = YES;
				GCC_OPTIMIZATION_LEVEL = 0;
				GCC_PREPROCESSOR_DEFINITIONS = (
					"$(inherited)",
					"DEBUG=1",
				);
				GCC_WARN_64_TO_32_BIT_CONVERSION = YES;
				GCC_WARN_ABOUT_RETURN_TYPE = YES_ERROR;
				GCC_WARN_UNDECLARED_SELECTOR = YES;
				GCC_WARN_UNINITIALIZED_AUTOS = YES_AGGRESSIVE;
				GCC_WARN_UNUSED_FUNCTION = YES;
				GCC_WARN_UNUSED_VARIABLE = YES;
				IPHONEOS_DEPLOYMENT_TARGET = 17.0;
				MTL_ENABLE_DEBUG_INFO = INCLUDE_SOURCE;
				MTL_FAST_MATH = YES;
				ONLY_ACTIVE_ARCH = YES;
				PRODUCT_NAME = "$(TARGET_NAME)";
				SDKROOT = iphoneos;
				STRING_CATALOG_GENERATE_SYMBOLS = YES;
				SWIFT_ACTIVE_COMPILATION_CONDITIONS = DEBUG;
				SWIFT_OPTIMIZATION_LEVEL = "-Onone";
				SWIFT_VERSION = 5.9;
			};
			name = Debug;
		};
/* End XCBuildConfiguration section */

/* Begin XCConfigurationList section */
		5DCC4312BF0B34CDF96948AA /* Build configuration list for PBXProject "ClickBridgePhone" */ = {
			isa = XCConfigurationList;
			buildConfigurations = (
				B458D189804D654D18471A6A /* Debug */,
				694F9CCDD5013BC39DEFD3B8 /* Release */,
			);
			defaultConfigurationIsVisible = 0;
			defaultConfigurationName = Debug;
		};
		A92DB56059AFA18E3EAE603B /* Build configuration list for PBXNativeTarget "ClickBridgePhone" */ = {
			isa = XCConfigurationList;
			buildConfigurations = (
				3D220042381D8B825278083C /* Debug */,
				725A85CA0B7C7B15BD5F3864 /* Release */,
			);
			defaultConfigurationIsVisible = 0;
			defaultConfigurationName = Debug;
		};
		B0A47FE8E56AAA5E4EB2D5EC /* Build configuration list for PBXNativeTarget "ClickBridgePhoneTests" */ = {
			isa = XCConfigurationList;
			buildConfigurations = (
				87CF4BBC4E0E5FF2A8685B51 /* Debug */,
				28B6FF96EAF05899659D8DC1 /* Release */,
			);
			defaultConfigurationIsVisible = 0;
			defaultConfigurationName = Debug;
		};
/* End XCConfigurationList section */
	};
	rootObject = 8F4050ADE029FC03A35E0435 /* Project object */;
}
